// !$*UTF8*$!
{
	archiveVersion = 1;
	classes = {
	};
	objectVersion = 51;
	objects = {

/* Begin PBXBuildFile section */
		330EB86524E20B8100277210 /* AppDelegate.swift in Sources */ = {isa = PBXBuildFile; fileRef = 330EB86424E20B8100277210 /* AppDelegate.swift */; };
		330EB86724E20B8100277210 /* SceneDelegate.swift in Sources */ = {isa = PBXBuildFile; fileRef = 330EB86624E20B8100277210 /* SceneDelegate.swift */; };
		330EB86924E20B8100277210 /* ViewController.swift in Sources */ = {isa = PBXBuildFile; fileRef = 330EB86824E20B8100277210 /* ViewController.swift */; };
		330EB86C24E20B8100277210 /* Main.storyboard in Resources */ = {isa = PBXBuildFile; fileRef = 330EB86A24E20B8100277210 /* Main.storyboard */; };
		330EB86E24E20B8500277210 /* Assets.xcassets in Resources */ = {isa = PBXBuildFile; fileRef = 330EB86D24E20B8500277210 /* Assets.xcassets */; };
		330EB87124E20B8500277210 /* LaunchScreen.storyboard in Resources */ = {isa = PBXBuildFile; fileRef = 330EB86F24E20B8500277210 /* LaunchScreen.storyboard */; };
		330EB87C24E20B8500277210 /* RedditSampleAppTests.swift in Sources */ = {isa = PBXBuildFile; fileRef = 330EB87B24E20B8500277210 /* RedditSampleAppTests.swift */; };
		33F0852824E214CD00332783 /* Alamofire.framework in Frameworks */ = {isa = PBXBuildFile; fileRef = 330EB88D24E2137300277210 /* Alamofire.framework */; };
/* End PBXBuildFile section */

/* Begin PBXContainerItemProxy section */
		330EB87824E20B8500277210 /* PBXContainerItemProxy */ = {
			isa = PBXContainerItemProxy;
			containerPortal = 330EB85924E20B8100277210 /* Project object */;
			proxyType = 1;
			remoteGlobalIDString = 330EB86024E20B8100277210;
			remoteInfo = RedditSampleApp;
		};
/* End PBXContainerItemProxy section */

/* Begin PBXFileReference section */
		330EB86124E20B8100277210 /* RedditSampleApp.app */ = {isa = PBXFileReference; explicitFileType = wrapper.application; includeInIndex = 0; path = RedditSampleApp.app; sourceTree = BUILT_PRODUCTS_DIR; };
		330EB86424E20B8100277210 /* AppDelegate.swift */ = {isa = PBXFileReference; lastKnownFileType = sourcecode.swift; path = AppDelegate.swift; sourceTree = "<group>"; };
		330EB86624E20B8100277210 /* SceneDelegate.swift */ = {isa = PBXFileReference; lastKnownFileType = sourcecode.swift; path = SceneDelegate.swift; sourceTree = "<group>"; };
		330EB86824E20B8100277210 /* ViewController.swift */ = {isa = PBXFileReference; lastKnownFileType = sourcecode.swift; path = ViewController.swift; sourceTree = "<group>"; };
		330EB86B24E20B8100277210 /* Base */ = {isa = PBXFileReference; lastKnownFileType = file.storyboard; name = Base; path = Base.lproj/Main.storyboard; sourceTree = "<group>"; };
		330EB86D24E20B8500277210 /* Assets.xcassets */ = {isa = PBXFileReference; lastKnownFileType = folder.assetcatalog; path = Assets.xcassets; sourceTree = "<group>"; };
		330EB87024E20B8500277210 /* Base */ = {isa = PBXFileReference; lastKnownFileType = file.storyboard; name = Base; path = Base.lproj/LaunchScreen.storyboard; sourceTree = "<group>"; };
		330EB87224E20B8500277210 /* Info.plist */ = {isa = PBXFileReference; lastKnownFileType = text.plist.xml; path = Info.plist; sourceTree = "<group>"; };
		330EB87724E20B8500277210 /* RedditSampleAppTests.xctest */ = {isa = PBXFileReference; explicitFileType = wrapper.cfbundle; includeInIndex = 0; path = RedditSampleAppTests.xctest; sourceTree = BUILT_PRODUCTS_DIR; };
		330EB87B24E20B8500277210 /* RedditSampleAppTests.swift */ = {isa = PBXFileReference; lastKnownFileType = sourcecode.swift; path = RedditSampleAppTests.swift; sourceTree = "<group>"; };
		330EB87D24E20B8500277210 /* Info.plist */ = {isa = PBXFileReference; lastKnownFileType = text.plist.xml; path = Info.plist; sourceTree = "<group>"; };
		330EB88824E20FF000277210 /* input.xcfilelist */ = {isa = PBXFileReference; lastKnownFileType = text.xcfilelist; path = input.xcfilelist; sourceTree = "<group>"; };
		330EB88A24E2100900277210 /* output.xcfilelist */ = {isa = PBXFileReference; lastKnownFileType = text.xcfilelist; path = output.xcfilelist; sourceTree = "<group>"; };
		330EB88D24E2137300277210 /* Alamofire.framework */ = {isa = PBXFileReference; lastKnownFileType = wrapper.framework; name = Alamofire.framework; path = vendor/Carthage/Build/iOS/Alamofire.framework; sourceTree = "<group>"; };
/* End PBXFileReference section */

/* Begin PBXFrameworksBuildPhase section */
		330EB85E24E20B8100277210 /* Frameworks */ = {
			isa = PBXFrameworksBuildPhase;
			buildActionMask = 2147483647;
			files = (
				33F0852824E214CD00332783 /* Alamofire.framework in Frameworks */,
			);
			runOnlyForDeploymentPostprocessing = 0;
		};
		330EB87424E20B8500277210 /* Frameworks */ = {
			isa = PBXFrameworksBuildPhase;
			buildActionMask = 2147483647;
			files = (
			);
			runOnlyForDeploymentPostprocessing = 0;
		};
/* End PBXFrameworksBuildPhase section */

/* Begin PBXGroup section */
		330EB85824E20B8100277210 = {
			isa = PBXGroup;
			children = (
				330EB86324E20B8100277210 /* RedditSampleApp */,
				330EB87A24E20B8500277210 /* RedditSampleAppTests */,
				330EB86224E20B8100277210 /* Products */,
				330EB88C24E2137300277210 /* Frameworks */,
			);
			sourceTree = "<group>";
		};
		330EB86224E20B8100277210 /* Products */ = {
			isa = PBXGroup;
			children = (
				330EB86124E20B8100277210 /* RedditSampleApp.app */,
				330EB87724E20B8500277210 /* RedditSampleAppTests.xctest */,
			);
			name = Products;
			sourceTree = "<group>";
		};
		330EB86324E20B8100277210 /* RedditSampleApp */ = {
			isa = PBXGroup;
			children = (
				330EB88724E20FA000277210 /* Config */,
				330EB86424E20B8100277210 /* AppDelegate.swift */,
				330EB86624E20B8100277210 /* SceneDelegate.swift */,
				330EB86824E20B8100277210 /* ViewController.swift */,
				330EB86A24E20B8100277210 /* Main.storyboard */,
				330EB86D24E20B8500277210 /* Assets.xcassets */,
				330EB86F24E20B8500277210 /* LaunchScreen.storyboard */,
				330EB87224E20B8500277210 /* Info.plist */,
			);
			path = RedditSampleApp;
			sourceTree = "<group>";
		};
		330EB87A24E20B8500277210 /* RedditSampleAppTests */ = {
			isa = PBXGroup;
			children = (
				330EB87B24E20B8500277210 /* RedditSampleAppTests.swift */,
				330EB87D24E20B8500277210 /* Info.plist */,
			);
			path = RedditSampleAppTests;
			sourceTree = "<group>";
		};
		330EB88724E20FA000277210 /* Config */ = {
			isa = PBXGroup;
			children = (
				330EB88824E20FF000277210 /* input.xcfilelist */,
				330EB88A24E2100900277210 /* output.xcfilelist */,
			);
			path = Config;
			sourceTree = "<group>";
		};
		330EB88C24E2137300277210 /* Frameworks */ = {
			isa = PBXGroup;
			children = (
				330EB88D24E2137300277210 /* Alamofire.framework */,
			);
			name = Frameworks;
			sourceTree = "<group>";
		};
/* End PBXGroup section */

/* Begin PBXNativeTarget section */
		330EB86024E20B8100277210 /* RedditSampleApp */ = {
			isa = PBXNativeTarget;
			buildConfigurationList = 330EB88024E20B8500277210 /* Build configuration list for PBXNativeTarget "RedditSampleApp" */;
			buildPhases = (
				330EB85D24E20B8100277210 /* Sources */,
				330EB85E24E20B8100277210 /* Frameworks */,
				330EB85F24E20B8100277210 /* Resources */,
				330EB88B24E212B400277210 /* ShellScript */,
			);
			buildRules = (
			);
			dependencies = (
			);
			name = RedditSampleApp;
			productName = RedditSampleApp;
			productReference = 330EB86124E20B8100277210 /* RedditSampleApp.app */;
			productType = "com.apple.product-type.application";
		};
		330EB87624E20B8500277210 /* RedditSampleAppTests */ = {
			isa = PBXNativeTarget;
			buildConfigurationList = 330EB88324E20B8500277210 /* Build configuration list for PBXNativeTarget "RedditSampleAppTests" */;
			buildPhases = (
				330EB87324E20B8500277210 /* Sources */,
				330EB87424E20B8500277210 /* Frameworks */,
				330EB87524E20B8500277210 /* Resources */,
			);
			buildRules = (
			);
			dependencies = (
				330EB87924E20B8500277210 /* PBXTargetDependency */,
			);
			name = RedditSampleAppTests;
			productName = RedditSampleAppTests;
			productReference = 330EB87724E20B8500277210 /* RedditSampleAppTests.xctest */;
			productType = "com.apple.product-type.bundle.unit-test";
		};
/* End PBXNativeTarget section */

/* Begin PBXProject section */
		330EB85924E20B8100277210 /* Project object */ = {
			isa = PBXProject;
			attributes = {
				LastSwiftUpdateCheck = 1140;
				LastUpgradeCheck = 1140;
				ORGANIZATIONNAME = rogerio;
				TargetAttributes = {
					330EB86024E20B8100277210 = {
						CreatedOnToolsVersion = 11.4.1;
					};
					330EB87624E20B8500277210 = {
						CreatedOnToolsVersion = 11.4.1;
						TestTargetID = 330EB86024E20B8100277210;
					};
				};
			};
			buildConfigurationList = 330EB85C24E20B8100277210 /* Build configuration list for PBXProject "RedditSampleApp" */;
			compatibilityVersion = "Xcode 9.3";
			developmentRegion = en;
			hasScannedForEncodings = 0;
			knownRegions = (
				en,
				Base,
			);
			mainGroup = 330EB85824E20B8100277210;
			productRefGroup = 330EB86224E20B8100277210 /* Products */;
			projectDirPath = "";
			projectRoot = "";
			targets = (
				330EB86024E20B8100277210 /* RedditSampleApp */,
				330EB87624E20B8500277210 /* RedditSampleAppTests */,
			);
		};
/* End PBXProject section */

/* Begin PBXResourcesBuildPhase section */
		330EB85F24E20B8100277210 /* Resources */ = {
			isa = PBXResourcesBuildPhase;
			buildActionMask = 2147483647;
			files = (
				330EB87124E20B8500277210 /* LaunchScreen.storyboard in Resources */,
				330EB86E24E20B8500277210 /* Assets.xcassets in Resources */,
				330EB86C24E20B8100277210 /* Main.storyboard in Resources */,
			);
			runOnlyForDeploymentPostprocessing = 0;
		};
		330EB87524E20B8500277210 /* Resources */ = {
			isa = PBXResourcesBuildPhase;
			buildActionMask = 2147483647;
			files = (
			);
			runOnlyForDeploymentPostprocessing = 0;
		};
/* End PBXResourcesBuildPhase section */

/* Begin PBXShellScriptBuildPhase section */
		330EB88B24E212B400277210 /* ShellScript */ = {
			isa = PBXShellScriptBuildPhase;
			buildActionMask = 2147483647;
			files = (
			);
			inputFileListPaths = (
				"$(SRCROOT)/RedditSampleApp/Config/input.xcfilelist",
			);
			inputPaths = (
			);
			outputFileListPaths = (
			);
			outputPaths = (
				"$(DERIVED_FILE_DIR)/output.xcfilelist",
			);
			runOnlyForDeploymentPostprocessing = 0;
			shellPath = /bin/sh;
			shellScript = "# Type a script or drag a script file from your workspace to insert its path.\n/usr/local/bin/carthage copy-frameworks\n";
		};
/* End PBXShellScriptBuildPhase section */

/* Begin PBXSourcesBuildPhase section */
		330EB85D24E20B8100277210 /* Sources */ = {
			isa = PBXSourcesBuildPhase;
			buildActionMask = 2147483647;
			files = (
				330EB86924E20B8100277210 /* ViewController.swift in Sources */,
				330EB86524E20B8100277210 /* AppDelegate.swift in Sources */,
				330EB86724E20B8100277210 /* SceneDelegate.swift in Sources */,
			);
			runOnlyForDeploymentPostprocessing = 0;
		};
		330EB87324E20B8500277210 /* Sources */ = {
			isa = PBXSourcesBuildPhase;
			buildActionMask = 2147483647;
			files = (
				330EB87C24E20B8500277210 /* RedditSampleAppTests.swift in Sources */,
			);
			runOnlyForDeploymentPostprocessing = 0;
		};
/* End PBXSourcesBuildPhase section */

/* Begin PBXTargetDependency section */
		330EB87924E20B8500277210 /* PBXTargetDependency */ = {
			isa = PBXTargetDependency;
			target = 330EB86024E20B8100277210 /* RedditSampleApp */;
			targetProxy = 330EB87824E20B8500277210 /* PBXContainerItemProxy */;
		};
/* End PBXTargetDependency section */

/* Begin PBXVariantGroup section */
		330EB86A24E20B8100277210 /* Main.storyboard */ = {
			isa = PBXVariantGroup;
			children = (
				330EB86B24E20B8100277210 /* Base */,
			);
			name = Main.storyboard;
			sourceTree = "<group>";
		};
		330EB86F24E20B8500277210 /* LaunchScreen.storyboard */ = {
			isa = PBXVariantGroup;
			children = (
				330EB87024E20B8500277210 /* Base */,
			);
			name = LaunchScreen.storyboard;
			sourceTree = "<group>";
		};
/* End PBXVariantGroup section */

/* Begin XCBuildConfiguration section */
		330EB87E24E20B8500277210 /* Debug */ = {
			isa = XCBuildConfiguration;
			buildSettings = {
				ALWAYS_SEARCH_USER_PATHS = NO;
				CLANG_ANALYZER_NONNULL = YES;
				CLANG_ANALYZER_NUMBER_OBJECT_CONVERSION = YES_AGGRESSIVE;
				CLANG_CXX_LANGUAGE_STANDARD = "gnu++14";
				CLANG_CXX_LIBRARY = "libc++";
				CLANG_ENABLE_MODULES = YES;
				CLANG_ENABLE_OBJC_ARC = YES;
				CLANG_ENABLE_OBJC_WEAK = YES;
				CLANG_WARN_BLOCK_CAPTURE_AUTORELEASING = YES;
				CLANG_WARN_BOOL_CONVERSION = YES;
				CLANG_WARN_COMMA = YES;
				CLANG_WARN_CONSTANT_CONVERSION = YES;
				CLANG_WARN_DEPRECATED_OBJC_IMPLEMENTATIONS = YES;
				CLANG_WARN_DIRECT_OBJC_ISA_USAGE = YES_ERROR;
				CLANG_WARN_DOCUMENTATION_COMMENTS = YES;
				CLANG_WARN_EMPTY_BODY = YES;
				CLANG_WARN_ENUM_CONVERSION = YES;
				CLANG_WARN_INFINITE_RECURSION = YES;
				CLANG_WARN_INT_CONVERSION = YES;
				CLANG_WARN_NON_LITERAL_NULL_CONVERSION = YES;
				CLANG_WARN_OBJC_IMPLICIT_RETAIN_SELF = YES;
				CLANG_WARN_OBJC_LITERAL_CONVERSION = YES;
				CLANG_WARN_OBJC_ROOT_CLASS = YES_ERROR;
				CLANG_WARN_RANGE_LOOP_ANALYSIS = YES;
				CLANG_WARN_STRICT_PROTOTYPES = YES;
				CLANG_WARN_SUSPICIOUS_MOVE = YES;
				CLANG_WARN_UNGUARDED_AVAILABILITY = YES_AGGRESSIVE;
				CLANG_WARN_UNREACHABLE_CODE = YES;
				CLANG_WARN__DUPLICATE_METHOD_MATCH = YES;
				COPY_PHASE_STRIP = NO;
				DEBUG_INFORMATION_FORMAT = dwarf;
				ENABLE_STRICT_OBJC_MSGSEND = YES;
				ENABLE_TESTABILITY = YES;
				GCC_C_LANGUAGE_STANDARD = gnu11;
				GCC_DYNAMIC_NO_PIC = NO;
				GCC_NO_COMMON_BLOCKS = YES;
				GCC_OPTIMIZATION_LEVEL = 0;
				GCC_PREPROCESSOR_DEFINITIONS = (
					"DEBUG=1",
					"$(inherited)",
				);
				GCC_WARN_64_TO_32_BIT_CONVERSION = YES;
				GCC_WARN_ABOUT_RETURN_TYPE = YES_ERROR;
				GCC_WARN_UNDECLARED_SELECTOR = YES;
				GCC_WARN_UNINITIALIZED_AUTOS = YES_AGGRESSIVE;
				GCC_WARN_UNUSED_FUNCTION = YES;
				GCC_WARN_UNUSED_VARIABLE = YES;
				IPHONEOS_DEPLOYMENT_TARGET = 13.4;
				MTL_ENABLE_DEBUG_INFO = INCLUDE_SOURCE;
				MTL_FAST_MATH = YES;
				ONLY_ACTIVE_ARCH = YES;
				SDKROOT = iphoneos;
				SWIFT_ACTIVE_COMPILATION_CONDITIONS = DEBUG;
				SWIFT_OPTIMIZATION_LEVEL = "-Onone";
			};
			name = Debug;
		};
		330EB87F24E20B8500277210 /* Release */ = {
			isa = XCBuildConfiguration;
			buildSettings = {
				ALWAYS_SEARCH_USER_PATHS = NO;
				CLANG_ANALYZER_NONNULL = YES;
				CLANG_ANALYZER_NUMBER_OBJECT_CONVERSION = YES_AGGRESSIVE;
				CLANG_CXX_LANGUAGE_STANDARD = "gnu++14";
				CLANG_CXX_LIBRARY = "libc++";
				CLANG_ENABLE_MODULES = YES;
				CLANG_ENABLE_OBJC_ARC = YES;
				CLANG_ENABLE_OBJC_WEAK = YES;
				CLANG_WARN_BLOCK_CAPTURE_AUTORELEASING = YES;
				CLANG_WARN_BOOL_CONVERSION = YES;
				CLANG_WARN_COMMA = YES;
				CLANG_WARN_CONSTANT_CONVERSION = YES;
				CLANG_WARN_DEPRECATED_OBJC_IMPLEMENTATIONS = YES;
				CLANG_WARN_DIRECT_OBJC_ISA_USAGE = YES_ERROR;
				CLANG_WARN_DOCUMENTATION_COMMENTS = YES;
				CLANG_WARN_EMPTY_BODY = YES;
				CLANG_WARN_ENUM_CONVERSION = YES;
				CLANG_WARN_INFINITE_RECURSION = YES;
				CLANG_WARN_INT_CONVERSION = YES;
				CLANG_WARN_NON_LITERAL_NULL_CONVERSION = YES;
				CLANG_WARN_OBJC_IMPLICIT_RETAIN_SELF = YES;
				CLANG_WARN_OBJC_LITERAL_CONVERSION = YES;
				CLANG_WARN_OBJC_ROOT_CLASS = YES_ERROR;
				CLANG_WARN_RANGE_LOOP_ANALYSIS = YES;
				CLANG_WARN_STRICT_PROTOTYPES = YES;
				CLANG_WARN_SUSPICIOUS_MOVE = YES;
				CLANG_WARN_UNGUARDED_AVAILABILITY = YES_AGGRESSIVE;
				CLANG_WARN_UNREACHABLE_CODE = YES;
				CLANG_WARN__DUPLICATE_METHOD_MATCH = YES;
				COPY_PHASE_STRIP = NO;
				DEBUG_INFORMATION_FORMAT = "dwarf-with-dsym";
				ENABLE_NS_ASSERTIONS = NO;
				ENABLE_STRICT_OBJC_MSGSEND = YES;
				GCC_C_LANGUAGE_STANDARD = gnu11;
				GCC_NO_COMMON_BLOCKS = YES;
				GCC_WARN_64_TO_32_BIT_CONVERSION = YES;
				GCC_WARN_ABOUT_RETURN_TYPE = YES_ERROR;
				GCC_WARN_UNDECLARED_SELECTOR = YES;
				GCC_WARN_UNINITIALIZED_AUTOS = YES_AGGRESSIVE;
				GCC_WARN_UNUSED_FUNCTION = YES;
				GCC_WARN_UNUSED_VARIABLE = YES;
				IPHONEOS_DEPLOYMENT_TARGET = 13.4;
				MTL_ENABLE_DEBUG_INFO = NO;
				MTL_FAST_MATH = YES;
				SDKROOT = iphoneos;
				SWIFT_COMPILATION_MODE = wholemodule;
				SWIFT_OPTIMIZATION_LEVEL = "-O";
				VALIDATE_PRODUCT = YES;
			};
			name = Release;
		};
		330EB88124E20B8500277210 /* Debug */ = {
			isa = XCBuildConfiguration;
			buildSettings = {
				ASSETCATALOG_COMPILER_APPICON_NAME = AppIcon;
				CODE_SIGN_STYLE = Automatic;
				DEVELOPMENT_TEAM = 5CD3Y3H29Q;
				FRAMEWORK_SEARCH_PATHS = (
					"$(inherited)",
					"$(PROJECT_DIR)/vendor/Carthage/Build/iOS",
				);
				INFOPLIST_FILE = RedditSampleApp/Info.plist;
				LD_RUNPATH_SEARCH_PATHS = (
					"$(inherited)",
					"@executable_path/Frameworks",
				);
				PRODUCT_BUNDLE_IDENTIFIER = rogeriocs.RedditSampleApp;
				PRODUCT_NAME = "$(TARGET_NAME)";
				SWIFT_VERSION = 5.0;
				TARGETED_DEVICE_FAMILY = "1,2";
			};
			name = Debug;
		};
		330EB88224E20B8500277210 /* Release */ = {
			isa = XCBuildConfiguration;
			buildSettings = {
				ASSETCATALOG_COMPILER_APPICON_NAME = AppIcon;
				CODE_SIGN_STYLE = Automatic;
				DEVELOPMENT_TEAM = 5CD3Y3H29Q;
				FRAMEWORK_SEARCH_PATHS = (
					"$(inherited)",
					"$(PROJECT_DIR)/vendor/Carthage/Build/iOS",
				);
				INFOPLIST_FILE = RedditSampleApp/Info.plist;
				LD_RUNPATH_SEARCH_PATHS = (
					"$(inherited)",
					"@executable_path/Frameworks",
				);
				PRODUCT_BUNDLE_IDENTIFIER = rogeriocs.RedditSampleApp;
				PRODUCT_NAME = "$(TARGET_NAME)";
				SWIFT_VERSION = 5.0;
				TARGETED_DEVICE_FAMILY = "1,2";
			};
			name = Release;
		};
		330EB88424E20B8500277210 /* Debug */ = {
			isa = XCBuildConfiguration;
			buildSettings = {
				ALWAYS_EMBED_SWIFT_STANDARD_LIBRARIES = YES;
				BUNDLE_LOADER = "$(TEST_HOST)";
				CODE_SIGN_STYLE = Automatic;
				DEVELOPMENT_TEAM = 5CD3Y3H29Q;
				INFOPLIST_FILE = RedditSampleAppTests/Info.plist;
				IPHONEOS_DEPLOYMENT_TARGET = 13.4;
				LD_RUNPATH_SEARCH_PATHS = (
					"$(inherited)",
					"@executable_path/Frameworks",
					"@loader_path/Frameworks",
				);
				PRODUCT_BUNDLE_IDENTIFIER = rogeriocs.RedditSampleAppTests;
				PRODUCT_NAME = "$(TARGET_NAME)";
				SWIFT_VERSION = 5.0;
				TARGETED_DEVICE_FAMILY = "1,2";
				TEST_HOST = "$(BUILT_PRODUCTS_DIR)/RedditSampleApp.app/RedditSampleApp";
			};
			name = Debug;
		};
		330EB88524E20B8500277210 /* Release */ = {
			isa = XCBuildConfiguration;
			buildSettings = {
				ALWAYS_EMBED_SWIFT_STANDARD_LIBRARIES = YES;
				BUNDLE_LOADER = "$(TEST_HOST)";
				CODE_SIGN_STYLE = Automatic;
				DEVELOPMENT_TEAM = 5CD3Y3H29Q;
				INFOPLIST_FILE = RedditSampleAppTests/Info.plist;
				IPHONEOS_DEPLOYMENT_TARGET = 13.4;
				LD_RUNPATH_SEARCH_PATHS = (
					"$(inherited)",
					"@executable_path/Frameworks",
					"@loader_path/Frameworks",
				);
				PRODUCT_BUNDLE_IDENTIFIER = rogeriocs.RedditSampleAppTests;
				PRODUCT_NAME = "$(TARGET_NAME)";
				SWIFT_VERSION = 5.0;
				TARGETED_DEVICE_FAMILY = "1,2";
				TEST_HOST = "$(BUILT_PRODUCTS_DIR)/RedditSampleApp.app/RedditSampleApp";
			};
			name = Release;
		};
/* End XCBuildConfiguration section */

/* Begin XCConfigurationList section */
		330EB85C24E20B8100277210 /* Build configuration list for PBXProject "RedditSampleApp" */ = {
			isa = XCConfigurationList;
			buildConfigurations = (
				330EB87E24E20B8500277210 /* Debug */,
				330EB87F24E20B8500277210 /* Release */,
			);
			defaultConfigurationIsVisible = 0;
			defaultConfigurationName = Release;
		};
		330EB88024E20B8500277210 /* Build configuration list for PBXNativeTarget "RedditSampleApp" */ = {
			isa = XCConfigurationList;
			buildConfigurations = (
				330EB88124E20B8500277210 /* Debug */,
				330EB88224E20B8500277210 /* Release */,
			);
			defaultConfigurationIsVisible = 0;
			defaultConfigurationName = Release;
		};
		330EB88324E20B8500277210 /* Build configuration list for PBXNativeTarget "RedditSampleAppTests" */ = {
			isa = XCConfigurationList;
			buildConfigurations = (
				330EB88424E20B8500277210 /* Debug */,
				330EB88524E20B8500277210 /* Release */,
			);
			defaultConfigurationIsVisible = 0;
			defaultConfigurationName = Release;
		};
/* End XCConfigurationList section */
	};
	rootObject = 330EB85924E20B8100277210 /* Project object */;
}
