// !$*UTF8*$!
{
	archiveVersion = 1;
	classes = {
	};
	objectVersion = 51;
	objects = {

/* Begin PBXBuildFile section */
		330EB86524E20B8100277210 /* AppDelegate.swift in Sources */ = {isa = PBXBuildFile; fileRef = 330EB86424E20B8100277210 /* AppDelegate.swift */; };
		330EB86924E20B8100277210 /* ViewController.swift in Sources */ = {isa = PBXBuildFile; fileRef = 330EB86824E20B8100277210 /* ViewController.swift */; };
		330EB86E24E20B8500277210 /* Assets.xcassets in Resources */ = {isa = PBXBuildFile; fileRef = 330EB86D24E20B8500277210 /* Assets.xcassets */; };
		330EB87124E20B8500277210 /* LaunchScreen.storyboard in Resources */ = {isa = PBXBuildFile; fileRef = 330EB86F24E20B8500277210 /* LaunchScreen.storyboard */; };
		330EB87C24E20B8500277210 /* RedditSampleAppTests.swift in Sources */ = {isa = PBXBuildFile; fileRef = 330EB87B24E20B8500277210 /* RedditSampleAppTests.swift */; };
		33A86DDE24E4A94D00026EAD /* TableViewType.swift in Sources */ = {isa = PBXBuildFile; fileRef = 33A86DDD24E4A94D00026EAD /* TableViewType.swift */; };
		33A86DE124E4A9DB00026EAD /* Environment.swift in Sources */ = {isa = PBXBuildFile; fileRef = 33A86DDF24E4A9DB00026EAD /* Environment.swift */; };
		33A86DE224E4A9DB00026EAD /* EndpointTypeProtocol.swift in Sources */ = {isa = PBXBuildFile; fileRef = 33A86DE024E4A9DB00026EAD /* EndpointTypeProtocol.swift */; };
		33A86DE424E4AAA700026EAD /* Endpoint.swift in Sources */ = {isa = PBXBuildFile; fileRef = 33A86DE324E4AAA700026EAD /* Endpoint.swift */; };
		33A86DE724E4AAF900026EAD /* RedditEndPoint.swift in Sources */ = {isa = PBXBuildFile; fileRef = 33A86DE624E4AAF900026EAD /* RedditEndPoint.swift */; };
		33A86DEA24E4AECD00026EAD /* Posts.swift in Sources */ = {isa = PBXBuildFile; fileRef = 33A86DE924E4AECD00026EAD /* Posts.swift */; };
		33A86DEC24E4AEFC00026EAD /* PostsData.swift in Sources */ = {isa = PBXBuildFile; fileRef = 33A86DEB24E4AEFC00026EAD /* PostsData.swift */; };
		33A86DEE24E4AF3C00026EAD /* Child.swift in Sources */ = {isa = PBXBuildFile; fileRef = 33A86DED24E4AF3C00026EAD /* Child.swift */; };
		33A86DF024E4AF5200026EAD /* ChildData.swift in Sources */ = {isa = PBXBuildFile; fileRef = 33A86DEF24E4AF5200026EAD /* ChildData.swift */; };
		33A86DF224E4B22C00026EAD /* PostsRepository.swift in Sources */ = {isa = PBXBuildFile; fileRef = 33A86DF124E4B22C00026EAD /* PostsRepository.swift */; };
		33A86DF424E4B31E00026EAD /* CustomError.swift in Sources */ = {isa = PBXBuildFile; fileRef = 33A86DF324E4B31E00026EAD /* CustomError.swift */; };
		33A86DF724E4B50500026EAD /* PostsUseCaseType.swift in Sources */ = {isa = PBXBuildFile; fileRef = 33A86DF624E4B50500026EAD /* PostsUseCaseType.swift */; };
		33A86DF924E4B5C900026EAD /* PostsUseCase.swift in Sources */ = {isa = PBXBuildFile; fileRef = 33A86DF824E4B5C900026EAD /* PostsUseCase.swift */; };
		33A86DFC24E4B66400026EAD /* HomeViewModel.swift in Sources */ = {isa = PBXBuildFile; fileRef = 33A86DFB24E4B66400026EAD /* HomeViewModel.swift */; };
		33A86DFE24E4BE9200026EAD /* FactoryViewModelType.swift in Sources */ = {isa = PBXBuildFile; fileRef = 33A86DFD24E4BE9200026EAD /* FactoryViewModelType.swift */; };
		33A86E0024E4BF3700026EAD /* FactoryUseCaseType.swift in Sources */ = {isa = PBXBuildFile; fileRef = 33A86DFF24E4BF3600026EAD /* FactoryUseCaseType.swift */; };
		33A86E0324E4BFD600026EAD /* FactoryRepositoriesType.swift in Sources */ = {isa = PBXBuildFile; fileRef = 33A86E0224E4BFD600026EAD /* FactoryRepositoriesType.swift */; };
		33A86E0524E4C05900026EAD /* FactoryEnviromentType.swift in Sources */ = {isa = PBXBuildFile; fileRef = 33A86E0424E4C05900026EAD /* FactoryEnviromentType.swift */; };
		33A86E0724E4C23200026EAD /* FactoryRedditProject.swift in Sources */ = {isa = PBXBuildFile; fileRef = 33A86E0624E4C23200026EAD /* FactoryRedditProject.swift */; };
		33F0852824E214CD00332783 /* Alamofire.framework in Frameworks */ = {isa = PBXBuildFile; fileRef = 330EB88D24E2137300277210 /* Alamofire.framework */; };
		33F0852F24E2F58800332783 /* FlowControllerMain.swift in Sources */ = {isa = PBXBuildFile; fileRef = 33F0852E24E2F58800332783 /* FlowControllerMain.swift */; };
		33F0853224E2F5A800332783 /* HomeView.swift in Sources */ = {isa = PBXBuildFile; fileRef = 33F0853124E2F5A800332783 /* HomeView.swift */; };
		33F0853424E2F5E100332783 /* HomeViewType.swift in Sources */ = {isa = PBXBuildFile; fileRef = 33F0853324E2F5E100332783 /* HomeViewType.swift */; };
		33F0853924E2FAA000332783 /* Metrics.swift in Sources */ = {isa = PBXBuildFile; fileRef = 33F0853824E2FAA000332783 /* Metrics.swift */; };
		33F0853B24E3000400332783 /* FlowControllerType.swift in Sources */ = {isa = PBXBuildFile; fileRef = 33F0853A24E3000400332783 /* FlowControllerType.swift */; };
		33F0853E24E3009000332783 /* FactoryViewControllerType.swift in Sources */ = {isa = PBXBuildFile; fileRef = 33F0853D24E3009000332783 /* FactoryViewControllerType.swift */; };
		33F0854924E32E3C00332783 /* Texts.swift in Sources */ = {isa = PBXBuildFile; fileRef = 33F0853F24E32E3B00332783 /* Texts.swift */; };
		33F0854A24E32E3C00332783 /* UIFontExtension.swift in Sources */ = {isa = PBXBuildFile; fileRef = 33F0854024E32E3B00332783 /* UIFontExtension.swift */; };
		33F0854B24E32E3C00332783 /* UImageExtension.swift in Sources */ = {isa = PBXBuildFile; fileRef = 33F0854124E32E3B00332783 /* UImageExtension.swift */; };
		33F0854C24E32E3C00332783 /* StringExtension.swift in Sources */ = {isa = PBXBuildFile; fileRef = 33F0854224E32E3C00332783 /* StringExtension.swift */; };
		33F0854D24E32E3C00332783 /* UIColorExtension.swift in Sources */ = {isa = PBXBuildFile; fileRef = 33F0854324E32E3C00332783 /* UIColorExtension.swift */; };
		33F0854E24E32E3C00332783 /* CustomAlerts.swift in Sources */ = {isa = PBXBuildFile; fileRef = 33F0854424E32E3C00332783 /* CustomAlerts.swift */; };
		33F0854F24E32E3C00332783 /* DefaultView.swift in Sources */ = {isa = PBXBuildFile; fileRef = 33F0854624E32E3C00332783 /* DefaultView.swift */; };
		33F0855024E32E3C00332783 /* UIViewControllerExtension.swift in Sources */ = {isa = PBXBuildFile; fileRef = 33F0854724E32E3C00332783 /* UIViewControllerExtension.swift */; };
		33F0855124E32E3C00332783 /* ReusableView.swift in Sources */ = {isa = PBXBuildFile; fileRef = 33F0854824E32E3C00332783 /* ReusableView.swift */; };
		33F0855424E3305700332783 /* Localizable.strings in Resources */ = {isa = PBXBuildFile; fileRef = 33F0855324E3305700332783 /* Localizable.strings */; };
		33F0855724E332EC00332783 /* HomeViewControllerType.swift in Sources */ = {isa = PBXBuildFile; fileRef = 33F0855624E332EC00332783 /* HomeViewControllerType.swift */; };
		33F0855924E3330200332783 /* HomeViewController.swift in Sources */ = {isa = PBXBuildFile; fileRef = 33F0855824E3330200332783 /* HomeViewController.swift */; };
		33F0855B24E3337200332783 /* ViewType.swift in Sources */ = {isa = PBXBuildFile; fileRef = 33F0855A24E3337200332783 /* ViewType.swift */; };
		33F0855D24E3595A00332783 /* FactoryViewType.swift in Sources */ = {isa = PBXBuildFile; fileRef = 33F0855C24E3595A00332783 /* FactoryViewType.swift */; };
		33F0855F24E35A8900332783 /* FactoryView.swift in Sources */ = {isa = PBXBuildFile; fileRef = 33F0855E24E35A8900332783 /* FactoryView.swift */; };
		33F0856124E35F3F00332783 /* UIViewExtension.swift in Sources */ = {isa = PBXBuildFile; fileRef = 33F0856024E35F3F00332783 /* UIViewExtension.swift */; };
/* End PBXBuildFile section */

/* Begin PBXContainerItemProxy section */
		330EB87824E20B8500277210 /* PBXContainerItemProxy */ = {
			isa = PBXContainerItemProxy;
			containerPortal = 330EB85924E20B8100277210 /* Project object */;
			proxyType = 1;
			remoteGlobalIDString = 330EB86024E20B8100277210;
			remoteInfo = RedditSampleApp;
		};
/* End PBXContainerItemProxy section */

/* Begin PBXFileReference section */
		330EB86124E20B8100277210 /* RedditSampleApp.app */ = {isa = PBXFileReference; explicitFileType = wrapper.application; includeInIndex = 0; path = RedditSampleApp.app; sourceTree = BUILT_PRODUCTS_DIR; };
		330EB86424E20B8100277210 /* AppDelegate.swift */ = {isa = PBXFileReference; lastKnownFileType = sourcecode.swift; path = AppDelegate.swift; sourceTree = "<group>"; };
		330EB86824E20B8100277210 /* ViewController.swift */ = {isa = PBXFileReference; lastKnownFileType = sourcecode.swift; path = ViewController.swift; sourceTree = "<group>"; };
		330EB86D24E20B8500277210 /* Assets.xcassets */ = {isa = PBXFileReference; lastKnownFileType = folder.assetcatalog; path = Assets.xcassets; sourceTree = "<group>"; };
		330EB87024E20B8500277210 /* Base */ = {isa = PBXFileReference; lastKnownFileType = file.storyboard; name = Base; path = Base.lproj/LaunchScreen.storyboard; sourceTree = "<group>"; };
		330EB87224E20B8500277210 /* Info.plist */ = {isa = PBXFileReference; lastKnownFileType = text.plist.xml; path = Info.plist; sourceTree = "<group>"; };
		330EB87724E20B8500277210 /* RedditSampleAppTests.xctest */ = {isa = PBXFileReference; explicitFileType = wrapper.cfbundle; includeInIndex = 0; path = RedditSampleAppTests.xctest; sourceTree = BUILT_PRODUCTS_DIR; };
		330EB87B24E20B8500277210 /* RedditSampleAppTests.swift */ = {isa = PBXFileReference; lastKnownFileType = sourcecode.swift; path = RedditSampleAppTests.swift; sourceTree = "<group>"; };
		330EB87D24E20B8500277210 /* Info.plist */ = {isa = PBXFileReference; lastKnownFileType = text.plist.xml; path = Info.plist; sourceTree = "<group>"; };
		330EB88824E20FF000277210 /* input.xcfilelist */ = {isa = PBXFileReference; lastKnownFileType = text.xcfilelist; path = input.xcfilelist; sourceTree = "<group>"; };
		330EB88A24E2100900277210 /* output.xcfilelist */ = {isa = PBXFileReference; lastKnownFileType = text.xcfilelist; path = output.xcfilelist; sourceTree = "<group>"; };
		330EB88D24E2137300277210 /* Alamofire.framework */ = {isa = PBXFileReference; lastKnownFileType = wrapper.framework; name = Alamofire.framework; path = vendor/Carthage/Build/iOS/Alamofire.framework; sourceTree = "<group>"; };
		33A86DDD24E4A94D00026EAD /* TableViewType.swift */ = {isa = PBXFileReference; lastKnownFileType = sourcecode.swift; path = TableViewType.swift; sourceTree = "<group>"; };
		33A86DDF24E4A9DB00026EAD /* Environment.swift */ = {isa = PBXFileReference; fileEncoding = 4; lastKnownFileType = sourcecode.swift; path = Environment.swift; sourceTree = "<group>"; };
		33A86DE024E4A9DB00026EAD /* EndpointTypeProtocol.swift */ = {isa = PBXFileReference; fileEncoding = 4; lastKnownFileType = sourcecode.swift; path = EndpointTypeProtocol.swift; sourceTree = "<group>"; };
		33A86DE324E4AAA700026EAD /* Endpoint.swift */ = {isa = PBXFileReference; lastKnownFileType = sourcecode.swift; path = Endpoint.swift; sourceTree = "<group>"; };
		33A86DE624E4AAF900026EAD /* RedditEndPoint.swift */ = {isa = PBXFileReference; lastKnownFileType = sourcecode.swift; path = RedditEndPoint.swift; sourceTree = "<group>"; };
		33A86DE924E4AECD00026EAD /* Posts.swift */ = {isa = PBXFileReference; lastKnownFileType = sourcecode.swift; path = Posts.swift; sourceTree = "<group>"; };
		33A86DEB24E4AEFC00026EAD /* PostsData.swift */ = {isa = PBXFileReference; lastKnownFileType = sourcecode.swift; path = PostsData.swift; sourceTree = "<group>"; };
		33A86DED24E4AF3C00026EAD /* Child.swift */ = {isa = PBXFileReference; lastKnownFileType = sourcecode.swift; path = Child.swift; sourceTree = "<group>"; };
		33A86DEF24E4AF5200026EAD /* ChildData.swift */ = {isa = PBXFileReference; lastKnownFileType = sourcecode.swift; path = ChildData.swift; sourceTree = "<group>"; };
		33A86DF124E4B22C00026EAD /* PostsRepository.swift */ = {isa = PBXFileReference; lastKnownFileType = sourcecode.swift; path = PostsRepository.swift; sourceTree = "<group>"; };
		33A86DF324E4B31E00026EAD /* CustomError.swift */ = {isa = PBXFileReference; lastKnownFileType = sourcecode.swift; path = CustomError.swift; sourceTree = "<group>"; };
		33A86DF624E4B50500026EAD /* PostsUseCaseType.swift */ = {isa = PBXFileReference; lastKnownFileType = sourcecode.swift; path = PostsUseCaseType.swift; sourceTree = "<group>"; };
		33A86DF824E4B5C900026EAD /* PostsUseCase.swift */ = {isa = PBXFileReference; lastKnownFileType = sourcecode.swift; path = PostsUseCase.swift; sourceTree = "<group>"; };
		33A86DFB24E4B66400026EAD /* HomeViewModel.swift */ = {isa = PBXFileReference; lastKnownFileType = sourcecode.swift; path = HomeViewModel.swift; sourceTree = "<group>"; };
		33A86DFD24E4BE9200026EAD /* FactoryViewModelType.swift */ = {isa = PBXFileReference; lastKnownFileType = sourcecode.swift; path = FactoryViewModelType.swift; sourceTree = "<group>"; };
		33A86DFF24E4BF3600026EAD /* FactoryUseCaseType.swift */ = {isa = PBXFileReference; lastKnownFileType = sourcecode.swift; path = FactoryUseCaseType.swift; sourceTree = "<group>"; };
		33A86E0224E4BFD600026EAD /* FactoryRepositoriesType.swift */ = {isa = PBXFileReference; lastKnownFileType = sourcecode.swift; path = FactoryRepositoriesType.swift; sourceTree = "<group>"; };
		33A86E0424E4C05900026EAD /* FactoryEnviromentType.swift */ = {isa = PBXFileReference; lastKnownFileType = sourcecode.swift; path = FactoryEnviromentType.swift; sourceTree = "<group>"; };
		33A86E0624E4C23200026EAD /* FactoryRedditProject.swift */ = {isa = PBXFileReference; lastKnownFileType = sourcecode.swift; path = FactoryRedditProject.swift; sourceTree = "<group>"; };
		33F0852E24E2F58800332783 /* FlowControllerMain.swift */ = {isa = PBXFileReference; lastKnownFileType = sourcecode.swift; path = FlowControllerMain.swift; sourceTree = "<group>"; };
		33F0853124E2F5A800332783 /* HomeView.swift */ = {isa = PBXFileReference; lastKnownFileType = sourcecode.swift; path = HomeView.swift; sourceTree = "<group>"; };
		33F0853324E2F5E100332783 /* HomeViewType.swift */ = {isa = PBXFileReference; lastKnownFileType = sourcecode.swift; path = HomeViewType.swift; sourceTree = "<group>"; };
		33F0853824E2FAA000332783 /* Metrics.swift */ = {isa = PBXFileReference; lastKnownFileType = sourcecode.swift; path = Metrics.swift; sourceTree = "<group>"; };
		33F0853A24E3000400332783 /* FlowControllerType.swift */ = {isa = PBXFileReference; lastKnownFileType = sourcecode.swift; path = FlowControllerType.swift; sourceTree = "<group>"; };
		33F0853D24E3009000332783 /* FactoryViewControllerType.swift */ = {isa = PBXFileReference; lastKnownFileType = sourcecode.swift; path = FactoryViewControllerType.swift; sourceTree = "<group>"; };
		33F0853F24E32E3B00332783 /* Texts.swift */ = {isa = PBXFileReference; fileEncoding = 4; lastKnownFileType = sourcecode.swift; path = Texts.swift; sourceTree = "<group>"; };
		33F0854024E32E3B00332783 /* UIFontExtension.swift */ = {isa = PBXFileReference; fileEncoding = 4; lastKnownFileType = sourcecode.swift; path = UIFontExtension.swift; sourceTree = "<group>"; };
		33F0854124E32E3B00332783 /* UImageExtension.swift */ = {isa = PBXFileReference; fileEncoding = 4; lastKnownFileType = sourcecode.swift; path = UImageExtension.swift; sourceTree = "<group>"; };
		33F0854224E32E3C00332783 /* StringExtension.swift */ = {isa = PBXFileReference; fileEncoding = 4; lastKnownFileType = sourcecode.swift; path = StringExtension.swift; sourceTree = "<group>"; };
		33F0854324E32E3C00332783 /* UIColorExtension.swift */ = {isa = PBXFileReference; fileEncoding = 4; lastKnownFileType = sourcecode.swift; path = UIColorExtension.swift; sourceTree = "<group>"; };
		33F0854424E32E3C00332783 /* CustomAlerts.swift */ = {isa = PBXFileReference; fileEncoding = 4; lastKnownFileType = sourcecode.swift; path = CustomAlerts.swift; sourceTree = "<group>"; };
		33F0854624E32E3C00332783 /* DefaultView.swift */ = {isa = PBXFileReference; fileEncoding = 4; lastKnownFileType = sourcecode.swift; path = DefaultView.swift; sourceTree = "<group>"; };
		33F0854724E32E3C00332783 /* UIViewControllerExtension.swift */ = {isa = PBXFileReference; fileEncoding = 4; lastKnownFileType = sourcecode.swift; path = UIViewControllerExtension.swift; sourceTree = "<group>"; };
		33F0854824E32E3C00332783 /* ReusableView.swift */ = {isa = PBXFileReference; fileEncoding = 4; lastKnownFileType = sourcecode.swift; path = ReusableView.swift; sourceTree = "<group>"; };
		33F0855324E3305700332783 /* Localizable.strings */ = {isa = PBXFileReference; fileEncoding = 4; lastKnownFileType = text.plist.strings; path = Localizable.strings; sourceTree = "<group>"; };
		33F0855624E332EC00332783 /* HomeViewControllerType.swift */ = {isa = PBXFileReference; lastKnownFileType = sourcecode.swift; path = HomeViewControllerType.swift; sourceTree = "<group>"; };
		33F0855824E3330200332783 /* HomeViewController.swift */ = {isa = PBXFileReference; lastKnownFileType = sourcecode.swift; path = HomeViewController.swift; sourceTree = "<group>"; };
		33F0855A24E3337200332783 /* ViewType.swift */ = {isa = PBXFileReference; lastKnownFileType = sourcecode.swift; path = ViewType.swift; sourceTree = "<group>"; };
		33F0855C24E3595A00332783 /* FactoryViewType.swift */ = {isa = PBXFileReference; lastKnownFileType = sourcecode.swift; path = FactoryViewType.swift; sourceTree = "<group>"; };
		33F0855E24E35A8900332783 /* FactoryView.swift */ = {isa = PBXFileReference; lastKnownFileType = sourcecode.swift; path = FactoryView.swift; sourceTree = "<group>"; };
		33F0856024E35F3F00332783 /* UIViewExtension.swift */ = {isa = PBXFileReference; lastKnownFileType = sourcecode.swift; path = UIViewExtension.swift; sourceTree = "<group>"; };
/* End PBXFileReference section */

/* Begin PBXFrameworksBuildPhase section */
		330EB85E24E20B8100277210 /* Frameworks */ = {
			isa = PBXFrameworksBuildPhase;
			buildActionMask = 2147483647;
			files = (
				33F0852824E214CD00332783 /* Alamofire.framework in Frameworks */,
			);
			runOnlyForDeploymentPostprocessing = 0;
		};
		330EB87424E20B8500277210 /* Frameworks */ = {
			isa = PBXFrameworksBuildPhase;
			buildActionMask = 2147483647;
			files = (
			);
			runOnlyForDeploymentPostprocessing = 0;
		};
/* End PBXFrameworksBuildPhase section */

/* Begin PBXGroup section */
		330EB85824E20B8100277210 = {
			isa = PBXGroup;
			children = (
				330EB86324E20B8100277210 /* RedditSampleApp */,
				330EB87A24E20B8500277210 /* RedditSampleAppTests */,
				330EB86224E20B8100277210 /* Products */,
				330EB88C24E2137300277210 /* Frameworks */,
			);
			sourceTree = "<group>";
		};
		330EB86224E20B8100277210 /* Products */ = {
			isa = PBXGroup;
			children = (
				330EB86124E20B8100277210 /* RedditSampleApp.app */,
				330EB87724E20B8500277210 /* RedditSampleAppTests.xctest */,
			);
			name = Products;
			sourceTree = "<group>";
		};
		330EB86324E20B8100277210 /* RedditSampleApp */ = {
			isa = PBXGroup;
			children = (
				33A86DF524E4B4F100026EAD /* UseCases */,
				33F0855224E3301A00332783 /* Resources */,
				33F0853C24E3006600332783 /* DI */,
				33F0852D24E2F56200332783 /* Flow */,
				33F0852C24E2165F00332783 /* Components */,
				33F0852B24E2165600332783 /* Commons */,
				33F0852A24E2164B00332783 /* Services */,
				33F0852924E2163F00332783 /* Feature */,
				330EB88724E20FA000277210 /* Config */,
				330EB86424E20B8100277210 /* AppDelegate.swift */,
				330EB86824E20B8100277210 /* ViewController.swift */,
				330EB86D24E20B8500277210 /* Assets.xcassets */,
				330EB86F24E20B8500277210 /* LaunchScreen.storyboard */,
				330EB87224E20B8500277210 /* Info.plist */,
			);
			path = RedditSampleApp;
			sourceTree = "<group>";
		};
		330EB87A24E20B8500277210 /* RedditSampleAppTests */ = {
			isa = PBXGroup;
			children = (
				330EB87B24E20B8500277210 /* RedditSampleAppTests.swift */,
				330EB87D24E20B8500277210 /* Info.plist */,
			);
			path = RedditSampleAppTests;
			sourceTree = "<group>";
		};
		330EB88724E20FA000277210 /* Config */ = {
			isa = PBXGroup;
			children = (
				330EB88824E20FF000277210 /* input.xcfilelist */,
				330EB88A24E2100900277210 /* output.xcfilelist */,
			);
			path = Config;
			sourceTree = "<group>";
		};
		330EB88C24E2137300277210 /* Frameworks */ = {
			isa = PBXGroup;
			children = (
				330EB88D24E2137300277210 /* Alamofire.framework */,
			);
			name = Frameworks;
			sourceTree = "<group>";
		};
		33A86DE524E4AAD500026EAD /* Common */ = {
			isa = PBXGroup;
			children = (
				33A86DE024E4A9DB00026EAD /* EndpointTypeProtocol.swift */,
				33A86DDF24E4A9DB00026EAD /* Environment.swift */,
				33A86DE324E4AAA700026EAD /* Endpoint.swift */,
			);
			path = Common;
			sourceTree = "<group>";
		};
		33A86DE824E4AEBC00026EAD /* Model */ = {
			isa = PBXGroup;
			children = (
				33A86DE924E4AECD00026EAD /* Posts.swift */,
				33A86DEB24E4AEFC00026EAD /* PostsData.swift */,
				33A86DED24E4AF3C00026EAD /* Child.swift */,
				33A86DEF24E4AF5200026EAD /* ChildData.swift */,
			);
			path = Model;
			sourceTree = "<group>";
		};
		33A86DF524E4B4F100026EAD /* UseCases */ = {
			isa = PBXGroup;
			children = (
				33A86DF624E4B50500026EAD /* PostsUseCaseType.swift */,
				33A86DF824E4B5C900026EAD /* PostsUseCase.swift */,
			);
			path = UseCases;
			sourceTree = "<group>";
		};
		33A86DFA24E4B65100026EAD /* ViewModel */ = {
			isa = PBXGroup;
			children = (
				33A86DFB24E4B66400026EAD /* HomeViewModel.swift */,
			);
			path = ViewModel;
			sourceTree = "<group>";
		};
		33F0852924E2163F00332783 /* Feature */ = {
			isa = PBXGroup;
			children = (
				33F0853024E2F59200332783 /* Home */,
			);
			path = Feature;
			sourceTree = "<group>";
		};
		33F0852A24E2164B00332783 /* Services */ = {
			isa = PBXGroup;
			children = (
				33A86DE824E4AEBC00026EAD /* Model */,
				33A86DE524E4AAD500026EAD /* Common */,
				33A86DE624E4AAF900026EAD /* RedditEndPoint.swift */,
				33A86DF124E4B22C00026EAD /* PostsRepository.swift */,
				33A86DF324E4B31E00026EAD /* CustomError.swift */,
			);
			path = Services;
			sourceTree = "<group>";
		};
		33F0852B24E2165600332783 /* Commons */ = {
			isa = PBXGroup;
			children = (
				33F0854524E32E3C00332783 /* View */,
				33F0854724E32E3C00332783 /* UIViewControllerExtension.swift */,
				33F0854824E32E3C00332783 /* ReusableView.swift */,
				33F0854424E32E3C00332783 /* CustomAlerts.swift */,
				33F0854224E32E3C00332783 /* StringExtension.swift */,
				33F0853F24E32E3B00332783 /* Texts.swift */,
				33F0854324E32E3C00332783 /* UIColorExtension.swift */,
				33F0854024E32E3B00332783 /* UIFontExtension.swift */,
				33F0854124E32E3B00332783 /* UImageExtension.swift */,
				33F0853824E2FAA000332783 /* Metrics.swift */,
				33F0856024E35F3F00332783 /* UIViewExtension.swift */,
			);
			path = Commons;
			sourceTree = "<group>";
		};
		33F0852C24E2165F00332783 /* Components */ = {
			isa = PBXGroup;
			children = (
				33A86DDD24E4A94D00026EAD /* TableViewType.swift */,
			);
			path = Components;
			sourceTree = "<group>";
		};
		33F0852D24E2F56200332783 /* Flow */ = {
			isa = PBXGroup;
			children = (
				33F0852E24E2F58800332783 /* FlowControllerMain.swift */,
				33F0853A24E3000400332783 /* FlowControllerType.swift */,
			);
			path = Flow;
			sourceTree = "<group>";
		};
		33F0853024E2F59200332783 /* Home */ = {
			isa = PBXGroup;
			children = (
				33A86DFA24E4B65100026EAD /* ViewModel */,
				33F0855524E332D400332783 /* View */,
				33F0855624E332EC00332783 /* HomeViewControllerType.swift */,
				33F0855824E3330200332783 /* HomeViewController.swift */,
			);
			path = Home;
			sourceTree = "<group>";
		};
		33F0853C24E3006600332783 /* DI */ = {
			isa = PBXGroup;
			children = (
				33F0853D24E3009000332783 /* FactoryViewControllerType.swift */,
				33F0855C24E3595A00332783 /* FactoryViewType.swift */,
				33F0855E24E35A8900332783 /* FactoryView.swift */,
				33A86DFD24E4BE9200026EAD /* FactoryViewModelType.swift */,
				33A86DFF24E4BF3600026EAD /* FactoryUseCaseType.swift */,
				33A86E0224E4BFD600026EAD /* FactoryRepositoriesType.swift */,
				33A86E0424E4C05900026EAD /* FactoryEnviromentType.swift */,
				33A86E0624E4C23200026EAD /* FactoryRedditProject.swift */,
			);
			path = DI;
			sourceTree = "<group>";
		};
		33F0854524E32E3C00332783 /* View */ = {
			isa = PBXGroup;
			children = (
				33F0854624E32E3C00332783 /* DefaultView.swift */,
				33F0855A24E3337200332783 /* ViewType.swift */,
			);
			path = View;
			sourceTree = "<group>";
		};
		33F0855224E3301A00332783 /* Resources */ = {
			isa = PBXGroup;
			children = (
				33F0855324E3305700332783 /* Localizable.strings */,
			);
			path = Resources;
			sourceTree = "<group>";
		};
		33F0855524E332D400332783 /* View */ = {
			isa = PBXGroup;
			children = (
				33F0853124E2F5A800332783 /* HomeView.swift */,
				33F0853324E2F5E100332783 /* HomeViewType.swift */,
			);
			path = View;
			sourceTree = "<group>";
		};
/* End PBXGroup section */

/* Begin PBXNativeTarget section */
		330EB86024E20B8100277210 /* RedditSampleApp */ = {
			isa = PBXNativeTarget;
			buildConfigurationList = 330EB88024E20B8500277210 /* Build configuration list for PBXNativeTarget "RedditSampleApp" */;
			buildPhases = (
				330EB85D24E20B8100277210 /* Sources */,
				330EB85E24E20B8100277210 /* Frameworks */,
				330EB85F24E20B8100277210 /* Resources */,
				330EB88B24E212B400277210 /* ShellScript */,
			);
			buildRules = (
			);
			dependencies = (
			);
			name = RedditSampleApp;
			productName = RedditSampleApp;
			productReference = 330EB86124E20B8100277210 /* RedditSampleApp.app */;
			productType = "com.apple.product-type.application";
		};
		330EB87624E20B8500277210 /* RedditSampleAppTests */ = {
			isa = PBXNativeTarget;
			buildConfigurationList = 330EB88324E20B8500277210 /* Build configuration list for PBXNativeTarget "RedditSampleAppTests" */;
			buildPhases = (
				330EB87324E20B8500277210 /* Sources */,
				330EB87424E20B8500277210 /* Frameworks */,
				330EB87524E20B8500277210 /* Resources */,
			);
			buildRules = (
			);
			dependencies = (
				330EB87924E20B8500277210 /* PBXTargetDependency */,
			);
			name = RedditSampleAppTests;
			productName = RedditSampleAppTests;
			productReference = 330EB87724E20B8500277210 /* RedditSampleAppTests.xctest */;
			productType = "com.apple.product-type.bundle.unit-test";
		};
/* End PBXNativeTarget section */

/* Begin PBXProject section */
		330EB85924E20B8100277210 /* Project object */ = {
			isa = PBXProject;
			attributes = {
				LastSwiftUpdateCheck = 1140;
				LastUpgradeCheck = 1140;
				ORGANIZATIONNAME = "Rogeriocs www.rogerioc.com.br";
				TargetAttributes = {
					330EB86024E20B8100277210 = {
						CreatedOnToolsVersion = 11.4.1;
					};
					330EB87624E20B8500277210 = {
						CreatedOnToolsVersion = 11.4.1;
						TestTargetID = 330EB86024E20B8100277210;
					};
				};
			};
			buildConfigurationList = 330EB85C24E20B8100277210 /* Build configuration list for PBXProject "RedditSampleApp" */;
			compatibilityVersion = "Xcode 9.3";
			developmentRegion = en;
			hasScannedForEncodings = 0;
			knownRegions = (
				en,
				Base,
			);
			mainGroup = 330EB85824E20B8100277210;
			productRefGroup = 330EB86224E20B8100277210 /* Products */;
			projectDirPath = "";
			projectRoot = "";
			targets = (
				330EB86024E20B8100277210 /* RedditSampleApp */,
				330EB87624E20B8500277210 /* RedditSampleAppTests */,
			);
		};
/* End PBXProject section */

/* Begin PBXResourcesBuildPhase section */
		330EB85F24E20B8100277210 /* Resources */ = {
			isa = PBXResourcesBuildPhase;
			buildActionMask = 2147483647;
			files = (
				330EB87124E20B8500277210 /* LaunchScreen.storyboard in Resources */,
				33F0855424E3305700332783 /* Localizable.strings in Resources */,
				330EB86E24E20B8500277210 /* Assets.xcassets in Resources */,
			);
			runOnlyForDeploymentPostprocessing = 0;
		};
		330EB87524E20B8500277210 /* Resources */ = {
			isa = PBXResourcesBuildPhase;
			buildActionMask = 2147483647;
			files = (
			);
			runOnlyForDeploymentPostprocessing = 0;
		};
/* End PBXResourcesBuildPhase section */

/* Begin PBXShellScriptBuildPhase section */
		330EB88B24E212B400277210 /* ShellScript */ = {
			isa = PBXShellScriptBuildPhase;
			buildActionMask = 2147483647;
			files = (
			);
			inputFileListPaths = (
				"$(SRCROOT)/RedditSampleApp/Config/input.xcfilelist",
			);
			inputPaths = (
			);
			outputFileListPaths = (
			);
			outputPaths = (
				"$(DERIVED_FILE_DIR)/output.xcfilelist",
			);
			runOnlyForDeploymentPostprocessing = 0;
			shellPath = /bin/sh;
			shellScript = "# Type a script or drag a script file from your workspace to insert its path.\n/usr/local/bin/carthage copy-frameworks\n";
		};
/* End PBXShellScriptBuildPhase section */

/* Begin PBXSourcesBuildPhase section */
		330EB85D24E20B8100277210 /* Sources */ = {
			isa = PBXSourcesBuildPhase;
			buildActionMask = 2147483647;
			files = (
				33F0855B24E3337200332783 /* ViewType.swift in Sources */,
				33A86DE424E4AAA700026EAD /* Endpoint.swift in Sources */,
				330EB86924E20B8100277210 /* ViewController.swift in Sources */,
				330EB86524E20B8100277210 /* AppDelegate.swift in Sources */,
				33F0855F24E35A8900332783 /* FactoryView.swift in Sources */,
				33F0855024E32E3C00332783 /* UIViewControllerExtension.swift in Sources */,
				33F0854F24E32E3C00332783 /* DefaultView.swift in Sources */,
				33F0856124E35F3F00332783 /* UIViewExtension.swift in Sources */,
				33A86DF024E4AF5200026EAD /* ChildData.swift in Sources */,
				33F0855D24E3595A00332783 /* FactoryViewType.swift in Sources */,
				33A86DFC24E4B66400026EAD /* HomeViewModel.swift in Sources */,
				33A86DEE24E4AF3C00026EAD /* Child.swift in Sources */,
				33F0854D24E32E3C00332783 /* UIColorExtension.swift in Sources */,
				33A86DF224E4B22C00026EAD /* PostsRepository.swift in Sources */,
				33F0854E24E32E3C00332783 /* CustomAlerts.swift in Sources */,
				33A86DF724E4B50500026EAD /* PostsUseCaseType.swift in Sources */,
				33A86DF924E4B5C900026EAD /* PostsUseCase.swift in Sources */,
				33F0854924E32E3C00332783 /* Texts.swift in Sources */,
				33A86DE724E4AAF900026EAD /* RedditEndPoint.swift in Sources */,
				33A86DDE24E4A94D00026EAD /* TableViewType.swift in Sources */,
				33F0853E24E3009000332783 /* FactoryViewControllerType.swift in Sources */,
				33A86DFE24E4BE9200026EAD /* FactoryViewModelType.swift in Sources */,
				33A86DEC24E4AEFC00026EAD /* PostsData.swift in Sources */,
				33A86DF424E4B31E00026EAD /* CustomError.swift in Sources */,
				33F0852F24E2F58800332783 /* FlowControllerMain.swift in Sources */,
				33A86DEA24E4AECD00026EAD /* Posts.swift in Sources */,
				33A86E0324E4BFD600026EAD /* FactoryRepositoriesType.swift in Sources */,
				33A86E0524E4C05900026EAD /* FactoryEnviromentType.swift in Sources */,
				33F0854B24E32E3C00332783 /* UImageExtension.swift in Sources */,
				33A86E0024E4BF3700026EAD /* FactoryUseCaseType.swift in Sources */,
				33F0853424E2F5E100332783 /* HomeViewType.swift in Sources */,
				33F0855724E332EC00332783 /* HomeViewControllerType.swift in Sources */,
				33F0853B24E3000400332783 /* FlowControllerType.swift in Sources */,
				33F0854C24E32E3C00332783 /* StringExtension.swift in Sources */,
				33A86DE124E4A9DB00026EAD /* Environment.swift in Sources */,
				33F0855124E32E3C00332783 /* ReusableView.swift in Sources */,
				33F0855924E3330200332783 /* HomeViewController.swift in Sources */,
				33F0853224E2F5A800332783 /* HomeView.swift in Sources */,
				33A86E0724E4C23200026EAD /* FactoryRedditProject.swift in Sources */,
				33F0854A24E32E3C00332783 /* UIFontExtension.swift in Sources */,
				33A86DE224E4A9DB00026EAD /* EndpointTypeProtocol.swift in Sources */,
				33F0853924E2FAA000332783 /* Metrics.swift in Sources */,
			);
			runOnlyForDeploymentPostprocessing = 0;
		};
		330EB87324E20B8500277210 /* Sources */ = {
			isa = PBXSourcesBuildPhase;
			buildActionMask = 2147483647;
			files = (
				330EB87C24E20B8500277210 /* RedditSampleAppTests.swift in Sources */,
			);
			runOnlyForDeploymentPostprocessing = 0;
		};
/* End PBXSourcesBuildPhase section */

/* Begin PBXTargetDependency section */
		330EB87924E20B8500277210 /* PBXTargetDependency */ = {
			isa = PBXTargetDependency;
			target = 330EB86024E20B8100277210 /* RedditSampleApp */;
			targetProxy = 330EB87824E20B8500277210 /* PBXContainerItemProxy */;
		};
/* End PBXTargetDependency section */

/* Begin PBXVariantGroup section */
		330EB86F24E20B8500277210 /* LaunchScreen.storyboard */ = {
			isa = PBXVariantGroup;
			children = (
				330EB87024E20B8500277210 /* Base */,
			);
			name = LaunchScreen.storyboard;
			sourceTree = "<group>";
		};
/* End PBXVariantGroup section */

/* Begin XCBuildConfiguration section */
		330EB87E24E20B8500277210 /* Debug */ = {
			isa = XCBuildConfiguration;
			buildSettings = {
				ALWAYS_SEARCH_USER_PATHS = NO;
				CLANG_ANALYZER_NONNULL = YES;
				CLANG_ANALYZER_NUMBER_OBJECT_CONVERSION = YES_AGGRESSIVE;
				CLANG_CXX_LANGUAGE_STANDARD = "gnu++14";
				CLANG_CXX_LIBRARY = "libc++";
				CLANG_ENABLE_MODULES = YES;
				CLANG_ENABLE_OBJC_ARC = YES;
				CLANG_ENABLE_OBJC_WEAK = YES;
				CLANG_WARN_BLOCK_CAPTURE_AUTORELEASING = YES;
				CLANG_WARN_BOOL_CONVERSION = YES;
				CLANG_WARN_COMMA = YES;
				CLANG_WARN_CONSTANT_CONVERSION = YES;
				CLANG_WARN_DEPRECATED_OBJC_IMPLEMENTATIONS = YES;
				CLANG_WARN_DIRECT_OBJC_ISA_USAGE = YES_ERROR;
				CLANG_WARN_DOCUMENTATION_COMMENTS = YES;
				CLANG_WARN_EMPTY_BODY = YES;
				CLANG_WARN_ENUM_CONVERSION = YES;
				CLANG_WARN_INFINITE_RECURSION = YES;
				CLANG_WARN_INT_CONVERSION = YES;
				CLANG_WARN_NON_LITERAL_NULL_CONVERSION = YES;
				CLANG_WARN_OBJC_IMPLICIT_RETAIN_SELF = YES;
				CLANG_WARN_OBJC_LITERAL_CONVERSION = YES;
				CLANG_WARN_OBJC_ROOT_CLASS = YES_ERROR;
				CLANG_WARN_RANGE_LOOP_ANALYSIS = YES;
				CLANG_WARN_STRICT_PROTOTYPES = YES;
				CLANG_WARN_SUSPICIOUS_MOVE = YES;
				CLANG_WARN_UNGUARDED_AVAILABILITY = YES_AGGRESSIVE;
				CLANG_WARN_UNREACHABLE_CODE = YES;
				CLANG_WARN__DUPLICATE_METHOD_MATCH = YES;
				COPY_PHASE_STRIP = NO;
				DEBUG_INFORMATION_FORMAT = dwarf;
				ENABLE_STRICT_OBJC_MSGSEND = YES;
				ENABLE_TESTABILITY = YES;
				GCC_C_LANGUAGE_STANDARD = gnu11;
				GCC_DYNAMIC_NO_PIC = NO;
				GCC_NO_COMMON_BLOCKS = YES;
				GCC_OPTIMIZATION_LEVEL = 0;
				GCC_PREPROCESSOR_DEFINITIONS = (
					"DEBUG=1",
					"$(inherited)",
				);
				GCC_WARN_64_TO_32_BIT_CONVERSION = YES;
				GCC_WARN_ABOUT_RETURN_TYPE = YES_ERROR;
				GCC_WARN_UNDECLARED_SELECTOR = YES;
				GCC_WARN_UNINITIALIZED_AUTOS = YES_AGGRESSIVE;
				GCC_WARN_UNUSED_FUNCTION = YES;
				GCC_WARN_UNUSED_VARIABLE = YES;
				IPHONEOS_DEPLOYMENT_TARGET = 13.4;
				MTL_ENABLE_DEBUG_INFO = INCLUDE_SOURCE;
				MTL_FAST_MATH = YES;
				ONLY_ACTIVE_ARCH = YES;
				SDKROOT = iphoneos;
				SWIFT_ACTIVE_COMPILATION_CONDITIONS = DEBUG;
				SWIFT_OPTIMIZATION_LEVEL = "-Onone";
			};
			name = Debug;
		};
		330EB87F24E20B8500277210 /* Release */ = {
			isa = XCBuildConfiguration;
			buildSettings = {
				ALWAYS_SEARCH_USER_PATHS = NO;
				CLANG_ANALYZER_NONNULL = YES;
				CLANG_ANALYZER_NUMBER_OBJECT_CONVERSION = YES_AGGRESSIVE;
				CLANG_CXX_LANGUAGE_STANDARD = "gnu++14";
				CLANG_CXX_LIBRARY = "libc++";
				CLANG_ENABLE_MODULES = YES;
				CLANG_ENABLE_OBJC_ARC = YES;
				CLANG_ENABLE_OBJC_WEAK = YES;
				CLANG_WARN_BLOCK_CAPTURE_AUTORELEASING = YES;
				CLANG_WARN_BOOL_CONVERSION = YES;
				CLANG_WARN_COMMA = YES;
				CLANG_WARN_CONSTANT_CONVERSION = YES;
				CLANG_WARN_DEPRECATED_OBJC_IMPLEMENTATIONS = YES;
				CLANG_WARN_DIRECT_OBJC_ISA_USAGE = YES_ERROR;
				CLANG_WARN_DOCUMENTATION_COMMENTS = YES;
				CLANG_WARN_EMPTY_BODY = YES;
				CLANG_WARN_ENUM_CONVERSION = YES;
				CLANG_WARN_INFINITE_RECURSION = YES;
				CLANG_WARN_INT_CONVERSION = YES;
				CLANG_WARN_NON_LITERAL_NULL_CONVERSION = YES;
				CLANG_WARN_OBJC_IMPLICIT_RETAIN_SELF = YES;
				CLANG_WARN_OBJC_LITERAL_CONVERSION = YES;
				CLANG_WARN_OBJC_ROOT_CLASS = YES_ERROR;
				CLANG_WARN_RANGE_LOOP_ANALYSIS = YES;
				CLANG_WARN_STRICT_PROTOTYPES = YES;
				CLANG_WARN_SUSPICIOUS_MOVE = YES;
				CLANG_WARN_UNGUARDED_AVAILABILITY = YES_AGGRESSIVE;
				CLANG_WARN_UNREACHABLE_CODE = YES;
				CLANG_WARN__DUPLICATE_METHOD_MATCH = YES;
				COPY_PHASE_STRIP = NO;
				DEBUG_INFORMATION_FORMAT = "dwarf-with-dsym";
				ENABLE_NS_ASSERTIONS = NO;
				ENABLE_STRICT_OBJC_MSGSEND = YES;
				GCC_C_LANGUAGE_STANDARD = gnu11;
				GCC_NO_COMMON_BLOCKS = YES;
				GCC_WARN_64_TO_32_BIT_CONVERSION = YES;
				GCC_WARN_ABOUT_RETURN_TYPE = YES_ERROR;
				GCC_WARN_UNDECLARED_SELECTOR = YES;
				GCC_WARN_UNINITIALIZED_AUTOS = YES_AGGRESSIVE;
				GCC_WARN_UNUSED_FUNCTION = YES;
				GCC_WARN_UNUSED_VARIABLE = YES;
				IPHONEOS_DEPLOYMENT_TARGET = 13.4;
				MTL_ENABLE_DEBUG_INFO = NO;
				MTL_FAST_MATH = YES;
				SDKROOT = iphoneos;
				SWIFT_COMPILATION_MODE = wholemodule;
				SWIFT_OPTIMIZATION_LEVEL = "-O";
				VALIDATE_PRODUCT = YES;
			};
			name = Release;
		};
		330EB88124E20B8500277210 /* Debug */ = {
			isa = XCBuildConfiguration;
			buildSettings = {
				ASSETCATALOG_COMPILER_APPICON_NAME = AppIcon;
				CODE_SIGN_STYLE = Automatic;
				DEVELOPMENT_TEAM = 5CD3Y3H29Q;
				FRAMEWORK_SEARCH_PATHS = (
					"$(inherited)",
					"$(PROJECT_DIR)/vendor/Carthage/Build/iOS",
				);
				INFOPLIST_FILE = RedditSampleApp/Info.plist;
				LD_RUNPATH_SEARCH_PATHS = (
					"$(inherited)",
					"@executable_path/Frameworks",
				);
				PRODUCT_BUNDLE_IDENTIFIER = rogeriocs.RedditSampleApp;
				PRODUCT_NAME = "$(TARGET_NAME)";
				SWIFT_VERSION = 5.0;
				TARGETED_DEVICE_FAMILY = "1,2";
			};
			name = Debug;
		};
		330EB88224E20B8500277210 /* Release */ = {
			isa = XCBuildConfiguration;
			buildSettings = {
				ASSETCATALOG_COMPILER_APPICON_NAME = AppIcon;
				CODE_SIGN_STYLE = Automatic;
				DEVELOPMENT_TEAM = 5CD3Y3H29Q;
				FRAMEWORK_SEARCH_PATHS = (
					"$(inherited)",
					"$(PROJECT_DIR)/vendor/Carthage/Build/iOS",
				);
				INFOPLIST_FILE = RedditSampleApp/Info.plist;
				LD_RUNPATH_SEARCH_PATHS = (
					"$(inherited)",
					"@executable_path/Frameworks",
				);
				PRODUCT_BUNDLE_IDENTIFIER = rogeriocs.RedditSampleApp;
				PRODUCT_NAME = "$(TARGET_NAME)";
				SWIFT_VERSION = 5.0;
				TARGETED_DEVICE_FAMILY = "1,2";
			};
			name = Release;
		};
		330EB88424E20B8500277210 /* Debug */ = {
			isa = XCBuildConfiguration;
			buildSettings = {
				ALWAYS_EMBED_SWIFT_STANDARD_LIBRARIES = YES;
				BUNDLE_LOADER = "$(TEST_HOST)";
				CODE_SIGN_STYLE = Automatic;
				DEVELOPMENT_TEAM = 5CD3Y3H29Q;
				INFOPLIST_FILE = RedditSampleAppTests/Info.plist;
				IPHONEOS_DEPLOYMENT_TARGET = 13.4;
				LD_RUNPATH_SEARCH_PATHS = (
					"$(inherited)",
					"@executable_path/Frameworks",
					"@loader_path/Frameworks",
				);
				PRODUCT_BUNDLE_IDENTIFIER = rogeriocs.RedditSampleAppTests;
				PRODUCT_NAME = "$(TARGET_NAME)";
				SWIFT_VERSION = 5.0;
				TARGETED_DEVICE_FAMILY = "1,2";
				TEST_HOST = "$(BUILT_PRODUCTS_DIR)/RedditSampleApp.app/RedditSampleApp";
			};
			name = Debug;
		};
		330EB88524E20B8500277210 /* Release */ = {
			isa = XCBuildConfiguration;
			buildSettings = {
				ALWAYS_EMBED_SWIFT_STANDARD_LIBRARIES = YES;
				BUNDLE_LOADER = "$(TEST_HOST)";
				CODE_SIGN_STYLE = Automatic;
				DEVELOPMENT_TEAM = 5CD3Y3H29Q;
				INFOPLIST_FILE = RedditSampleAppTests/Info.plist;
				IPHONEOS_DEPLOYMENT_TARGET = 13.4;
				LD_RUNPATH_SEARCH_PATHS = (
					"$(inherited)",
					"@executable_path/Frameworks",
					"@loader_path/Frameworks",
				);
				PRODUCT_BUNDLE_IDENTIFIER = rogeriocs.RedditSampleAppTests;
				PRODUCT_NAME = "$(TARGET_NAME)";
				SWIFT_VERSION = 5.0;
				TARGETED_DEVICE_FAMILY = "1,2";
				TEST_HOST = "$(BUILT_PRODUCTS_DIR)/RedditSampleApp.app/RedditSampleApp";
			};
			name = Release;
		};
/* End XCBuildConfiguration section */

/* Begin XCConfigurationList section */
		330EB85C24E20B8100277210 /* Build configuration list for PBXProject "RedditSampleApp" */ = {
			isa = XCConfigurationList;
			buildConfigurations = (
				330EB87E24E20B8500277210 /* Debug */,
				330EB87F24E20B8500277210 /* Release */,
			);
			defaultConfigurationIsVisible = 0;
			defaultConfigurationName = Release;
		};
		330EB88024E20B8500277210 /* Build configuration list for PBXNativeTarget "RedditSampleApp" */ = {
			isa = XCConfigurationList;
			buildConfigurations = (
				330EB88124E20B8500277210 /* Debug */,
				330EB88224E20B8500277210 /* Release */,
			);
			defaultConfigurationIsVisible = 0;
			defaultConfigurationName = Release;
		};
		330EB88324E20B8500277210 /* Build configuration list for PBXNativeTarget "RedditSampleAppTests" */ = {
			isa = XCConfigurationList;
			buildConfigurations = (
				330EB88424E20B8500277210 /* Debug */,
				330EB88524E20B8500277210 /* Release */,
			);
			defaultConfigurationIsVisible = 0;
			defaultConfigurationName = Release;
		};
/* End XCConfigurationList section */
	};
	rootObject = 330EB85924E20B8100277210 /* Project object */;
}
